
Microsoft Visual Studio Solution File, Format Version 12.00
# Visual Studio 2013
VisualStudioVersion = 12.0.31101.0
MinimumVisualStudioVersion = 10.0.40219.1
Project("{FAE04EC0-301F-11D3-BF4B-00C04F79EFBC}") = "RbmBergenServerSearch", "RbmBergenServerSearch\RbmBergenServerSearch.csproj", "{130F5997-B53D-482D-B335-EB3B988FC23F}"
EndProject
Project("{2150E333-8FDC-42A3-9474-1A3956D46DE8}") = ".nuget", ".nuget", "{8C7387AF-223E-46E9-B5C4-BAC83860FEE7}"
	ProjectSection(SolutionItems) = preProject
		.nuget\NuGet.Config = .nuget\NuGet.Config
		.nuget\NuGet.exe = .nuget\NuGet.exe
		.nuget\NuGet.targets = .nuget\NuGet.targets
	EndProjectSection
EndProject
Project("{FAE04EC0-301F-11D3-BF4B-00C04F79EFBC}") = "Verona.Lib.Common", "..\..\Verona\Verona.Lib\Verona.Lib.Common\Verona.Lib.Common.csproj", "{6106B064-FEA2-4B5C-96DE-22E5E4D21F8E}"
EndProject
Global
	GlobalSection(TeamFoundationVersionControl) = preSolution
		SccNumberOfProjects = 3
		SccEnterpriseProvider = {4CA58AB2-18FA-4F8D-95D4-32DDF27D184C}
		SccTeamFoundationServer = https://engelschion.visualstudio.com/defaultcollection
		SccLocalPath0 = .
		SccProjectUniqueName1 = RbmBergenServerSearch\\RbmBergenServerSearch.csproj
		SccProjectName1 = RbmBergenServerSearch
		SccLocalPath1 = RbmBergenServerSearch
		SccProjectUniqueName2 = ..\\..\\Verona\\Verona.Lib\\Verona.Lib.Common\\Verona.Lib.Common.csproj
		SccProjectName2 = ../../Verona/Verona.Lib/Verona.Lib.Common
		SccLocalPath2 = ..\\..\\Verona\\Verona.Lib\\Verona.Lib.Common
	EndGlobalSection
	GlobalSection(SolutionConfigurationPlatforms) = preSolution
		Debug|Any CPU = Debug|Any CPU
		Release|Any CPU = Release|Any CPU
	EndGlobalSection
	GlobalSection(ProjectConfigurationPlatforms) = postSolution
		{130F5997-B53D-482D-B335-EB3B988FC23F}.Debug|Any CPU.ActiveCfg = Debug|Any CPU
		{130F5997-B53D-482D-B335-EB3B988FC23F}.Debug|Any CPU.Build.0 = Debug|Any CPU
		{130F5997-B53D-482D-B335-EB3B988FC23F}.Release|Any CPU.ActiveCfg = Release|Any CPU
		{130F5997-B53D-482D-B335-EB3B988FC23F}.Release|Any CPU.Build.0 = Release|Any CPU
		{6106B064-FEA2-4B5C-96DE-22E5E4D21F8E}.Debug|Any CPU.ActiveCfg = Debug|Any CPU
		{6106B064-FEA2-4B5C-96DE-22E5E4D21F8E}.Debug|Any CPU.Build.0 = Debug|Any CPU
		{6106B064-FEA2-4B5C-96DE-22E5E4D21F8E}.Release|Any CPU.ActiveCfg = Release|Any CPU
		{6106B064-FEA2-4B5C-96DE-22E5E4D21F8E}.Release|Any CPU.Build.0 = Release|Any CPU
	EndGlobalSection
	GlobalSection(SolutionProperties) = preSolution
		HideSolutionNode = FALSE
	EndGlobalSection
EndGlobal
